{
  "name": "vue2dojo",
  "version": "1.0.1010",
  "lockfileVersion": 1,
  "requires": true,
  "dependencies": {
    "commander": {
      "version": "2.15.1",
      "resolved": "http://registry.npm.taobao.org/commander/download/commander-2.15.1.tgz",
      "integrity": "sha1-30boZ9D8Kuxmo0ZitAapzK//Ww8="
    },
    "css-rules": {
      "version": "1.0.3",
      "resolved": "http://registry.npm.taobao.org/css-rules/download/css-rules-1.0.3.tgz",
      "integrity": "sha1-tEGTwHOoaVrMzhsa6RHeGTsGXpw=",
      "requires": {
        "cssom": "0.3.2"
      }
    },
    "cssom": {
      "version": "0.3.2",
      "resolved": "http://registry.npm.taobao.org/cssom/download/cssom-0.3.2.tgz",
      "integrity": "sha1-uANhcMefB6kP8vFuIihAJ6JDhIs="
    },
    "fs-extra": {
      "version": "6.0.0",
      "resolved": "http://registry.npm.taobao.org/fs-extra/download/fs-extra-6.0.0.tgz",
      "integrity": "sha1-Dwr7KQuz3rh5eNqBb808d5fzqBc=",
      "requires": {
        "graceful-fs": "4.1.11",
        "jsonfile": "4.0.0",
        "universalify": "0.1.1"
      }
    },
    "graceful-fs": {
      "version": "4.1.11",
      "resolved": "http://registry.npm.taobao.org/graceful-fs/download/graceful-fs-4.1.11.tgz",
      "integrity": "sha1-Dovf5NHduIVNZOBOp8AOKgJuVlg="
    },
    "jsonfile": {
      "version": "4.0.0",
      "resolved": "http://registry.npm.taobao.org/jsonfile/download/jsonfile-4.0.0.tgz",
      "integrity": "sha1-h3Gq4HmbZAdrdmQPygWPnBDjPss=",
      "requires": {
        "graceful-fs": "4.1.11"
      }
    },
    "moment": {
      "version": "2.22.1",
      "resolved": "http://registry.npm.taobao.org/moment/download/moment-2.22.1.tgz",
      "integrity": "sha1-Upoum/lz8lnJZD0jf9qE3jom6K0="
    },
    "universalify": {
      "version": "0.1.1",
      "resolved": "http://registry.npm.taobao.org/universalify/download/universalify-0.1.1.tgz",
      "integrity": "sha1-+nG63UQ3r0wUiEHjs7Fl+enlkLc="
    }
  }
}
