{
  "name": "vue2dojo",
  "version": "1.0.1011",
  "lockfileVersion": 1,
  "requires": true,
  "dependencies": {
    "commander": {
      "version": "2.15.1",
      "resolved": "http://registry.npm.taobao.org/commander/download/commander-2.15.1.tgz",
      "integrity": "sha1-30boZ9D8Kuxmo0ZitAapzK//Ww8="
    },
    "css-rules": {
      "version": "1.0.3",
      "resolved": "http://registry.npm.taobao.org/css-rules/download/css-rules-1.0.3.tgz",
      "integrity": "sha1-tEGTwHOoaVrMzhsa6RHeGTsGXpw=",
      "requires": {
        "cssom": "0.3.2"
      }
    },
    "cssom": {
      "version": "0.3.2",
      "resolved": "http://registry.npm.taobao.org/cssom/download/cssom-0.3.2.tgz",
      "integrity": "sha1-uANhcMefB6kP8vFuIihAJ6JDhIs="
    },
    "exec-sh": {
      "version": "0.2.1",
      "resolved": "http://registry.npm.taobao.org/exec-sh/download/exec-sh-0.2.1.tgz",
      "integrity": "sha1-FjuYpuiea2W0fCoo0hW8H2OYnDg=",
      "requires": {
        "merge": "1.2.0"
      }
    },
    "fs-extra": {
      "version": "6.0.0",
      "resolved": "http://registry.npm.taobao.org/fs-extra/download/fs-extra-6.0.0.tgz",
      "integrity": "sha1-Dwr7KQuz3rh5eNqBb808d5fzqBc=",
      "requires": {
        "graceful-fs": "4.1.11",
        "jsonfile": "4.0.0",
        "universalify": "0.1.1"
      }
    },
    "graceful-fs": {
      "version": "4.1.11",
      "resolved": "http://registry.npm.taobao.org/graceful-fs/download/graceful-fs-4.1.11.tgz",
      "integrity": "sha1-Dovf5NHduIVNZOBOp8AOKgJuVlg="
    },
    "jsonfile": {
      "version": "4.0.0",
      "resolved": "http://registry.npm.taobao.org/jsonfile/download/jsonfile-4.0.0.tgz",
      "integrity": "sha1-h3Gq4HmbZAdrdmQPygWPnBDjPss=",
      "requires": {
        "graceful-fs": "4.1.11"
      }
    },
    "merge": {
      "version": "1.2.0",
      "resolved": "http://registry.npm.taobao.org/merge/download/merge-1.2.0.tgz",
      "integrity": "sha1-dTHjnUlJwoGma4xabgJl6LBYlNo="
    },
    "minimist": {
      "version": "1.2.0",
      "resolved": "http://registry.npm.taobao.org/minimist/download/minimist-1.2.0.tgz",
      "integrity": "sha1-o1AIsg9BOD7sH7kU9M1d95omQoQ="
    },
    "universalify": {
      "version": "0.1.1",
      "resolved": "http://registry.npm.taobao.org/universalify/download/universalify-0.1.1.tgz",
      "integrity": "sha1-+nG63UQ3r0wUiEHjs7Fl+enlkLc="
    },
    "watch": {
      "version": "1.0.2",
      "resolved": "http://registry.npm.taobao.org/watch/download/watch-1.0.2.tgz",
      "integrity": "sha1-NApxe952Vyb6CqB9ch4BR6VR3ww=",
      "requires": {
        "exec-sh": "0.2.1",
        "minimist": "1.2.0"
      }
    }
  }
}
